lockVersion: 2.0.0
id: 5046481e-10d4-4f94-b98f-9a6ca47d0c23
management:
  docChecksum: 91bc040283e6b1febc5304391c2c1cc2
  docVersion: 0.1.9
  speakeasyVersion: 1.204.1
  generationVersion: 2.279.1
  releaseVersion: 0.12.0
  configChecksum: e1f42e5b5dcdd64e818cf0a16f4e184d
  repoURL: https://github.com/speakeasy-sdks/via-python.git
  repoSubDirectory: .
  installationURL: https://github.com/speakeasy-sdks/via-python.git
features:
  python:
    core: 4.5.1
    globalServerURLs: 2.82.1
    responseFormat: 0.1.0
generatedFiles:
  - src/via/sdkconfiguration.py
  - src/via/sdk.py
  - py.typed
  - pylintrc
  - setup.py
  - src/via/__init__.py
  - src/via/utils/__init__.py
  - src/via/utils/retries.py
  - src/via/utils/utils.py
  - src/via/models/errors/sdkerror.py
  - tests/helpers.py
  - src/via/models/operations/get_users.py
  - src/via/models/__init__.py
  - src/via/models/errors/__init__.py
  - src/via/models/operations/__init__.py
  - docs/models/operations/getusersresponse.md
  - docs/sdks/via/README.md
  - USAGE.md
  - .gitattributes
  - src/via/_hooks/sdkhooks.py
  - src/via/_hooks/types.py
  - src/via/_hooks/__init__.py
