lockVersion: 2.0.0
id: 5046481e-10d4-4f94-b98f-9a6ca47d0c23
management:
  docChecksum: 91bc040283e6b1febc5304391c2c1cc2
  docVersion: 0.1.9
  speakeasyVersion: internal
  generationVersion: 2.248.1
  releaseVersion: 0.9.0
  configChecksum: 99985617d08b4ba6c760bf7a1a8a541c
  repoURL: https://github.com/speakeasy-sdks/via-python.git
  repoSubDirectory: .
  installationURL: https://github.com/speakeasy-sdks/via-python.git
features:
  python:
    core: 4.4.4
    globalServerURLs: 2.82.1
generatedFiles:
  - src/via/sdkconfiguration.py
  - src/via/sdk.py
  - pylintrc
  - setup.py
  - src/via/__init__.py
  - src/via/utils/__init__.py
  - src/via/utils/retries.py
  - src/via/utils/utils.py
  - src/via/models/errors/sdkerror.py
  - tests/helpers.py
  - src/via/models/operations/get_users.py
  - src/via/models/__init__.py
  - src/via/models/errors/__init__.py
  - src/via/models/operations/__init__.py
  - docs/models/operations/getusersresponse.md
  - docs/sdks/via/README.md
  - USAGE.md
  - .gitattributes
